
Microsoft Visual Studio Solution File, Format Version 12.00
# Visual Studio Version 17
VisualStudioVersion = 17.0.32112.339
MinimumVisualStudioVersion = 10.0.40219.1
Project("{9092AA53-FB77-4645-B42D-1CCCA6BD08BD}") = "JogoDuplaProxima", "JogoDuplaProxima.njsproj", "{E4C9D58C-2E00-4CDF-97FA-1741F72F0B0B}"
EndProject
Global
	GlobalSection(SolutionConfigurationPlatforms) = preSolution
		Debug|Any CPU = Debug|Any CPU
		Release|Any CPU = Release|Any CPU
	EndGlobalSection
	GlobalSection(ProjectConfigurationPlatforms) = postSolution
		{E4C9D58C-2E00-4CDF-97FA-1741F72F0B0B}.Debug|Any CPU.ActiveCfg = Debug|Any CPU
		{E4C9D58C-2E00-4CDF-97FA-1741F72F0B0B}.Debug|Any CPU.Build.0 = Debug|Any CPU
		{E4C9D58C-2E00-4CDF-97FA-1741F72F0B0B}.Release|Any CPU.ActiveCfg = Release|Any CPU
		{E4C9D58C-2E00-4CDF-97FA-1741F72F0B0B}.Release|Any CPU.Build.0 = Release|Any CPU
	EndGlobalSection
	GlobalSection(SolutionProperties) = preSolution
		HideSolutionNode = FALSE
	EndGlobalSection
	GlobalSection(ExtensibilityGlobals) = postSolution
		SolutionGuid = {8793DCB6-A368-4550-892A-5F735F0CB4AF}
	EndGlobalSection
EndGlobal
